Microsoft Visual Studio Solution File, Format Version 12.00
# Visual Studio Version 17
VisualStudioVersion = 17.5.2.0
MinimumVisualStudioVersion = 10.0.40219.1
Project("{FAE04EC0-301F-11D3-BF4B-00C04F79EFBC}") = "FF6EE", "FF6EE\FF6EE.csproj", "{C4C24F06-5DF6-636D-3CC4-766C682AE325}"
EndProject
Global
	GlobalSection(SolutionConfigurationPlatforms) = preSolution
		Debug|Any CPU = Debug|Any CPU
		Release|Any CPU = Release|Any CPU
	EndGlobalSection
	GlobalSection(ProjectConfigurationPlatforms) = postSolution
		{C4C24F06-5DF6-636D-3CC4-766C682AE325}.Debug|Any CPU.ActiveCfg = Debug|Any CPU
		{C4C24F06-5DF6-636D-3CC4-766C682AE325}.Debug|Any CPU.Build.0 = Debug|Any CPU
		{C4C24F06-5DF6-636D-3CC4-766C682AE325}.Release|Any CPU.ActiveCfg = Release|Any CPU
		{C4C24F06-5DF6-636D-3CC4-766C682AE325}.Release|Any CPU.Build.0 = Release|Any CPU
	EndGlobalSection
	GlobalSection(SolutionProperties) = preSolution
		HideSolutionNode = FALSE
	EndGlobalSection
	GlobalSection(ExtensibilityGlobals) = postSolution
		SolutionGuid = {8F4B88CA-A592-4949-847C-D7A18456E9F7}
	EndGlobalSection
EndGlobal
